
Microsoft Visual Studio Solution File, Format Version 12.00
# Visual Studio Version 18
VisualStudioVersion = 18.0.11205.157
MinimumVisualStudioVersion = 10.0.40219.1
Project("{2150E333-8FDC-42A3-9474-1A3956D46DE8}") = "src", "src", "{827E0CD3-B72D-47B6-A68D-7590B98EB39B}"
EndProject
Project("{FAE04EC0-301F-11D3-BF4B-00C04F79EFBC}") = "CartService", "src\CartService\CartService.csproj", "{AAA02C8E-D038-4178-AF1C-C78AC11ABD5F}"
EndProject
Project("{FAE04EC0-301F-11D3-BF4B-00C04F79EFBC}") = "CatalogService.Domain", "src\CatalogService.Domain\CatalogService.Domain.csproj", "{4FD4C81C-A74D-43FA-9808-4FC7787828D5}"
EndProject
Project("{FAE04EC0-301F-11D3-BF4B-00C04F79EFBC}") = "CatalogService.Application", "src\CatalogService.Application\CatalogService.Application.csproj", "{273BCF70-27DF-4C7A-B72A-D6DF41911AD5}"
EndProject
Project("{FAE04EC0-301F-11D3-BF4B-00C04F79EFBC}") = "CatalogService.Infrastructure", "src\CatalogService.Infrastructure\CatalogService.Infrastructure.csproj", "{9D7AACBF-8105-401C-93D2-6080BF3C3C18}"
EndProject
Project("{2150E333-8FDC-42A3-9474-1A3956D46DE8}") = "tests", "tests", "{0AB3BF05-4346-4AA6-1389-037BE0695223}"
EndProject
Project("{FAE04EC0-301F-11D3-BF4B-00C04F79EFBC}") = "CartService.Tests", "tests\CartService.Tests\CartService.Tests.csproj", "{2AAA56D1-2482-4061-8395-A07214523E25}"
EndProject
Project("{FAE04EC0-301F-11D3-BF4B-00C04F79EFBC}") = "CatalogService.Domain.Tests", "tests\CatalogService.Domain.Tests\CatalogService.Domain.Tests.csproj", "{7AC8A499-5F5D-43FB-8AAE-751268FD5E16}"
EndProject
Project("{FAE04EC0-301F-11D3-BF4B-00C04F79EFBC}") = "CatalogService.Application.Tests", "tests\CatalogService.Application.Tests\CatalogService.Application.Tests.csproj", "{4317F65B-396D-4F4D-A763-E3EDF30B0C21}"
EndProject
Project("{FAE04EC0-301F-11D3-BF4B-00C04F79EFBC}") = "CatalogService.Infrastructure.Tests", "tests\CatalogService.Infrastructure.Tests\CatalogService.Infrastructure.Tests.csproj", "{D8EE47EF-218A-4902-88A2-00926730397D}"
EndProject
Project("{2150E333-8FDC-42A3-9474-1A3956D46DE8}") = "Solution Items", "Solution Items", "{8EC462FD-D22E-90A8-E5CE-7E832BA40C5D}"
	ProjectSection(SolutionItems) = preProject
		Scripts\migration.sql = Scripts\migration.sql
	EndProjectSection
EndProject
Project("{FAE04EC0-301F-11D3-BF4B-00C04F79EFBC}") = "CatalogService.API", "src\CatalogService.API\CatalogService.API.csproj", "{EDF4078D-CF36-DA19-A08C-25283F3DCE5C}"
EndProject
Project("{FAE04EC0-301F-11D3-BF4B-00C04F79EFBC}") = "CartService.API", "src\CartService.API\CartService.API.csproj", "{1C692E4C-0A92-7A7B-4987-6A78FF64A7E1}"
EndProject
Project("{FAE04EC0-301F-11D3-BF4B-00C04F79EFBC}") = "CartService.API.Tests", "tests\CartService.API.Tests\CartService.API.Tests.csproj", "{4535EE9C-DBC8-49D3-8065-5C145E68DE42}"
EndProject
Project("{FAE04EC0-301F-11D3-BF4B-00C04F79EFBC}") = "CatalogService.API.Tests", "tests\CatalogService.API.Tests\CatalogService.API.Tests.csproj", "{3ECB89E4-D108-ACBA-D460-6797A6802731}"
EndProject
Project("{FAE04EC0-301F-11D3-BF4B-00C04F79EFBC}") = "Eventing.Infrastructure", "src\Eventing.Infrastructure\Eventing.Infrastructure.csproj", "{C894E565-19A5-4E53-81FD-54BEEA639BA7}"
EndProject
Project("{FAE04EC0-301F-11D3-BF4B-00C04F79EFBC}") = "Eventing.Abstraction", "src\Eventing.Abstraction\Eventing.Abstraction.csproj", "{CF5523CD-7789-4D25-AD9D-D4129F27D1BA}"
EndProject
Project("{FAE04EC0-301F-11D3-BF4B-00C04F79EFBC}") = "CatalogService.Events", "src\CatalogService.Events\CatalogService.Events.csproj", "{D5F59B56-C00C-4FED-A30D-CA5309CB513C}"
EndProject
Global
	GlobalSection(SolutionConfigurationPlatforms) = preSolution
		Debug|Any CPU = Debug|Any CPU
		Debug|x64 = Debug|x64
		Debug|x86 = Debug|x86
		Release|Any CPU = Release|Any CPU
		Release|x64 = Release|x64
		Release|x86 = Release|x86
	EndGlobalSection
	GlobalSection(ProjectConfigurationPlatforms) = postSolution
		{AAA02C8E-D038-4178-AF1C-C78AC11ABD5F}.Debug|Any CPU.ActiveCfg = Debug|Any CPU
		{AAA02C8E-D038-4178-AF1C-C78AC11ABD5F}.Debug|Any CPU.Build.0 = Debug|Any CPU
		{AAA02C8E-D038-4178-AF1C-C78AC11ABD5F}.Debug|x64.ActiveCfg = Debug|Any CPU
		{AAA02C8E-D038-4178-AF1C-C78AC11ABD5F}.Debug|x64.Build.0 = Debug|Any CPU
		{AAA02C8E-D038-4178-AF1C-C78AC11ABD5F}.Debug|x86.ActiveCfg = Debug|Any CPU
		{AAA02C8E-D038-4178-AF1C-C78AC11ABD5F}.Debug|x86.Build.0 = Debug|Any CPU
		{AAA02C8E-D038-4178-AF1C-C78AC11ABD5F}.Release|Any CPU.ActiveCfg = Release|Any CPU
		{AAA02C8E-D038-4178-AF1C-C78AC11ABD5F}.Release|Any CPU.Build.0 = Release|Any CPU
		{AAA02C8E-D038-4178-AF1C-C78AC11ABD5F}.Release|x64.ActiveCfg = Release|Any CPU
		{AAA02C8E-D038-4178-AF1C-C78AC11ABD5F}.Release|x64.Build.0 = Release|Any CPU
		{AAA02C8E-D038-4178-AF1C-C78AC11ABD5F}.Release|x86.ActiveCfg = Release|Any CPU
		{AAA02C8E-D038-4178-AF1C-C78AC11ABD5F}.Release|x86.Build.0 = Release|Any CPU
		{4FD4C81C-A74D-43FA-9808-4FC7787828D5}.Debug|Any CPU.ActiveCfg = Debug|Any CPU
		{4FD4C81C-A74D-43FA-9808-4FC7787828D5}.Debug|Any CPU.Build.0 = Debug|Any CPU
		{4FD4C81C-A74D-43FA-9808-4FC7787828D5}.Debug|x64.ActiveCfg = Debug|Any CPU
		{4FD4C81C-A74D-43FA-9808-4FC7787828D5}.Debug|x64.Build.0 = Debug|Any CPU
		{4FD4C81C-A74D-43FA-9808-4FC7787828D5}.Debug|x86.ActiveCfg = Debug|Any CPU
		{4FD4C81C-A74D-43FA-9808-4FC7787828D5}.Debug|x86.Build.0 = Debug|Any CPU
		{4FD4C81C-A74D-43FA-9808-4FC7787828D5}.Release|Any CPU.ActiveCfg = Release|Any CPU
		{4FD4C81C-A74D-43FA-9808-4FC7787828D5}.Release|Any CPU.Build.0 = Release|Any CPU
		{4FD4C81C-A74D-43FA-9808-4FC7787828D5}.Release|x64.ActiveCfg = Release|Any CPU
		{4FD4C81C-A74D-43FA-9808-4FC7787828D5}.Release|x64.Build.0 = Release|Any CPU
		{4FD4C81C-A74D-43FA-9808-4FC7787828D5}.Release|x86.ActiveCfg = Release|Any CPU
		{4FD4C81C-A74D-43FA-9808-4FC7787828D5}.Release|x86.Build.0 = Release|Any CPU
		{273BCF70-27DF-4C7A-B72A-D6DF41911AD5}.Debug|Any CPU.ActiveCfg = Debug|Any CPU
		{273BCF70-27DF-4C7A-B72A-D6DF41911AD5}.Debug|Any CPU.Build.0 = Debug|Any CPU
		{273BCF70-27DF-4C7A-B72A-D6DF41911AD5}.Debug|x64.ActiveCfg = Debug|Any CPU
		{273BCF70-27DF-4C7A-B72A-D6DF41911AD5}.Debug|x64.Build.0 = Debug|Any CPU
		{273BCF70-27DF-4C7A-B72A-D6DF41911AD5}.Debug|x86.ActiveCfg = Debug|Any CPU
		{273BCF70-27DF-4C7A-B72A-D6DF41911AD5}.Debug|x86.Build.0 = Debug|Any CPU
		{273BCF70-27DF-4C7A-B72A-D6DF41911AD5}.Release|Any CPU.ActiveCfg = Release|Any CPU
		{273BCF70-27DF-4C7A-B72A-D6DF41911AD5}.Release|Any CPU.Build.0 = Release|Any CPU
		{273BCF70-27DF-4C7A-B72A-D6DF41911AD5}.Release|x64.ActiveCfg = Release|Any CPU
		{273BCF70-27DF-4C7A-B72A-D6DF41911AD5}.Release|x64.Build.0 = Release|Any CPU
		{273BCF70-27DF-4C7A-B72A-D6DF41911AD5}.Release|x86.ActiveCfg = Release|Any CPU
		{273BCF70-27DF-4C7A-B72A-D6DF41911AD5}.Release|x86.Build.0 = Release|Any CPU
		{9D7AACBF-8105-401C-93D2-6080BF3C3C18}.Debug|Any CPU.ActiveCfg = Debug|Any CPU
		{9D7AACBF-8105-401C-93D2-6080BF3C3C18}.Debug|Any CPU.Build.0 = Debug|Any CPU
		{9D7AACBF-8105-401C-93D2-6080BF3C3C18}.Debug|x64.ActiveCfg = Debug|Any CPU
		{9D7AACBF-8105-401C-93D2-6080BF3C3C18}.Debug|x64.Build.0 = Debug|Any CPU
		{9D7AACBF-8105-401C-93D2-6080BF3C3C18}.Debug|x86.ActiveCfg = Debug|Any CPU
		{9D7AACBF-8105-401C-93D2-6080BF3C3C18}.Debug|x86.Build.0 = Debug|Any CPU
		{9D7AACBF-8105-401C-93D2-6080BF3C3C18}.Release|Any CPU.ActiveCfg = Release|Any CPU
		{9D7AACBF-8105-401C-93D2-6080BF3C3C18}.Release|Any CPU.Build.0 = Release|Any CPU
		{9D7AACBF-8105-401C-93D2-6080BF3C3C18}.Release|x64.ActiveCfg = Release|Any CPU
		{9D7AACBF-8105-401C-93D2-6080BF3C3C18}.Release|x64.Build.0 = Release|Any CPU
		{9D7AACBF-8105-401C-93D2-6080BF3C3C18}.Release|x86.ActiveCfg = Release|Any CPU
		{9D7AACBF-8105-401C-93D2-6080BF3C3C18}.Release|x86.Build.0 = Release|Any CPU
		{2AAA56D1-2482-4061-8395-A07214523E25}.Debug|Any CPU.ActiveCfg = Debug|Any CPU
		{2AAA56D1-2482-4061-8395-A07214523E25}.Debug|Any CPU.Build.0 = Debug|Any CPU
		{2AAA56D1-2482-4061-8395-A07214523E25}.Debug|x64.ActiveCfg = Debug|Any CPU
		{2AAA56D1-2482-4061-8395-A07214523E25}.Debug|x64.Build.0 = Debug|Any CPU
		{2AAA56D1-2482-4061-8395-A07214523E25}.Debug|x86.ActiveCfg = Debug|Any CPU
		{2AAA56D1-2482-4061-8395-A07214523E25}.Debug|x86.Build.0 = Debug|Any CPU
		{2AAA56D1-2482-4061-8395-A07214523E25}.Release|Any CPU.ActiveCfg = Release|Any CPU
		{2AAA56D1-2482-4061-8395-A07214523E25}.Release|Any CPU.Build.0 = Release|Any CPU
		{2AAA56D1-2482-4061-8395-A07214523E25}.Release|x64.ActiveCfg = Release|Any CPU
		{2AAA56D1-2482-4061-8395-A07214523E25}.Release|x64.Build.0 = Release|Any CPU
		{2AAA56D1-2482-4061-8395-A07214523E25}.Release|x86.ActiveCfg = Release|Any CPU
		{2AAA56D1-2482-4061-8395-A07214523E25}.Release|x86.Build.0 = Release|Any CPU
		{7AC8A499-5F5D-43FB-8AAE-751268FD5E16}.Debug|Any CPU.ActiveCfg = Debug|Any CPU
		{7AC8A499-5F5D-43FB-8AAE-751268FD5E16}.Debug|Any CPU.Build.0 = Debug|Any CPU
		{7AC8A499-5F5D-43FB-8AAE-751268FD5E16}.Debug|x64.ActiveCfg = Debug|Any CPU
		{7AC8A499-5F5D-43FB-8AAE-751268FD5E16}.Debug|x64.Build.0 = Debug|Any CPU
		{7AC8A499-5F5D-43FB-8AAE-751268FD5E16}.Debug|x86.ActiveCfg = Debug|Any CPU
		{7AC8A499-5F5D-43FB-8AAE-751268FD5E16}.Debug|x86.Build.0 = Debug|Any CPU
		{7AC8A499-5F5D-43FB-8AAE-751268FD5E16}.Release|Any CPU.ActiveCfg = Release|Any CPU
		{7AC8A499-5F5D-43FB-8AAE-751268FD5E16}.Release|Any CPU.Build.0 = Release|Any CPU
		{7AC8A499-5F5D-43FB-8AAE-751268FD5E16}.Release|x64.ActiveCfg = Release|Any CPU
		{7AC8A499-5F5D-43FB-8AAE-751268FD5E16}.Release|x64.Build.0 = Release|Any CPU
		{7AC8A499-5F5D-43FB-8AAE-751268FD5E16}.Release|x86.ActiveCfg = Release|Any CPU
		{7AC8A499-5F5D-43FB-8AAE-751268FD5E16}.Release|x86.Build.0 = Release|Any CPU
		{4317F65B-396D-4F4D-A763-E3EDF30B0C21}.Debug|Any CPU.ActiveCfg = Debug|Any CPU
		{4317F65B-396D-4F4D-A763-E3EDF30B0C21}.Debug|Any CPU.Build.0 = Debug|Any CPU
		{4317F65B-396D-4F4D-A763-E3EDF30B0C21}.Debug|x64.ActiveCfg = Debug|Any CPU
		{4317F65B-396D-4F4D-A763-E3EDF30B0C21}.Debug|x64.Build.0 = Debug|Any CPU
		{4317F65B-396D-4F4D-A763-E3EDF30B0C21}.Debug|x86.ActiveCfg = Debug|Any CPU
		{4317F65B-396D-4F4D-A763-E3EDF30B0C21}.Debug|x86.Build.0 = Debug|Any CPU
		{4317F65B-396D-4F4D-A763-E3EDF30B0C21}.Release|Any CPU.ActiveCfg = Release|Any CPU
		{4317F65B-396D-4F4D-A763-E3EDF30B0C21}.Release|Any CPU.Build.0 = Release|Any CPU
		{4317F65B-396D-4F4D-A763-E3EDF30B0C21}.Release|x64.ActiveCfg = Release|Any CPU
		{4317F65B-396D-4F4D-A763-E3EDF30B0C21}.Release|x64.Build.0 = Release|Any CPU
		{4317F65B-396D-4F4D-A763-E3EDF30B0C21}.Release|x86.ActiveCfg = Release|Any CPU
		{4317F65B-396D-4F4D-A763-E3EDF30B0C21}.Release|x86.Build.0 = Release|Any CPU
		{D8EE47EF-218A-4902-88A2-00926730397D}.Debug|Any CPU.ActiveCfg = Debug|Any CPU
		{D8EE47EF-218A-4902-88A2-00926730397D}.Debug|Any CPU.Build.0 = Debug|Any CPU
		{D8EE47EF-218A-4902-88A2-00926730397D}.Debug|x64.ActiveCfg = Debug|Any CPU
		{D8EE47EF-218A-4902-88A2-00926730397D}.Debug|x64.Build.0 = Debug|Any CPU
		{D8EE47EF-218A-4902-88A2-00926730397D}.Debug|x86.ActiveCfg = Debug|Any CPU
		{D8EE47EF-218A-4902-88A2-00926730397D}.Debug|x86.Build.0 = Debug|Any CPU
		{D8EE47EF-218A-4902-88A2-00926730397D}.Release|Any CPU.ActiveCfg = Release|Any CPU
		{D8EE47EF-218A-4902-88A2-00926730397D}.Release|Any CPU.Build.0 = Release|Any CPU
		{D8EE47EF-218A-4902-88A2-00926730397D}.Release|x64.ActiveCfg = Release|Any CPU
		{D8EE47EF-218A-4902-88A2-00926730397D}.Release|x64.Build.0 = Release|Any CPU
		{D8EE47EF-218A-4902-88A2-00926730397D}.Release|x86.ActiveCfg = Release|Any CPU
		{D8EE47EF-218A-4902-88A2-00926730397D}.Release|x86.Build.0 = Release|Any CPU
		{EDF4078D-CF36-DA19-A08C-25283F3DCE5C}.Debug|Any CPU.ActiveCfg = Debug|Any CPU
		{EDF4078D-CF36-DA19-A08C-25283F3DCE5C}.Debug|Any CPU.Build.0 = Debug|Any CPU
		{EDF4078D-CF36-DA19-A08C-25283F3DCE5C}.Debug|x64.ActiveCfg = Debug|Any CPU
		{EDF4078D-CF36-DA19-A08C-25283F3DCE5C}.Debug|x64.Build.0 = Debug|Any CPU
		{EDF4078D-CF36-DA19-A08C-25283F3DCE5C}.Debug|x86.ActiveCfg = Debug|Any CPU
		{EDF4078D-CF36-DA19-A08C-25283F3DCE5C}.Debug|x86.Build.0 = Debug|Any CPU
		{EDF4078D-CF36-DA19-A08C-25283F3DCE5C}.Release|Any CPU.ActiveCfg = Release|Any CPU
		{EDF4078D-CF36-DA19-A08C-25283F3DCE5C}.Release|Any CPU.Build.0 = Release|Any CPU
		{EDF4078D-CF36-DA19-A08C-25283F3DCE5C}.Release|x64.ActiveCfg = Release|Any CPU
		{EDF4078D-CF36-DA19-A08C-25283F3DCE5C}.Release|x64.Build.0 = Release|Any CPU
		{EDF4078D-CF36-DA19-A08C-25283F3DCE5C}.Release|x86.ActiveCfg = Release|Any CPU
		{EDF4078D-CF36-DA19-A08C-25283F3DCE5C}.Release|x86.Build.0 = Release|Any CPU
		{1C692E4C-0A92-7A7B-4987-6A78FF64A7E1}.Debug|Any CPU.ActiveCfg = Debug|Any CPU
		{1C692E4C-0A92-7A7B-4987-6A78FF64A7E1}.Debug|Any CPU.Build.0 = Debug|Any CPU
		{1C692E4C-0A92-7A7B-4987-6A78FF64A7E1}.Debug|x64.ActiveCfg = Debug|Any CPU
		{1C692E4C-0A92-7A7B-4987-6A78FF64A7E1}.Debug|x64.Build.0 = Debug|Any CPU
		{1C692E4C-0A92-7A7B-4987-6A78FF64A7E1}.Debug|x86.ActiveCfg = Debug|Any CPU
		{1C692E4C-0A92-7A7B-4987-6A78FF64A7E1}.Debug|x86.Build.0 = Debug|Any CPU
		{1C692E4C-0A92-7A7B-4987-6A78FF64A7E1}.Release|Any CPU.ActiveCfg = Release|Any CPU
		{1C692E4C-0A92-7A7B-4987-6A78FF64A7E1}.Release|Any CPU.Build.0 = Release|Any CPU
		{1C692E4C-0A92-7A7B-4987-6A78FF64A7E1}.Release|x64.ActiveCfg = Release|Any CPU
		{1C692E4C-0A92-7A7B-4987-6A78FF64A7E1}.Release|x64.Build.0 = Release|Any CPU
		{1C692E4C-0A92-7A7B-4987-6A78FF64A7E1}.Release|x86.ActiveCfg = Release|Any CPU
		{1C692E4C-0A92-7A7B-4987-6A78FF64A7E1}.Release|x86.Build.0 = Release|Any CPU
		{4535EE9C-DBC8-49D3-8065-5C145E68DE42}.Debug|Any CPU.ActiveCfg = Debug|Any CPU
		{4535EE9C-DBC8-49D3-8065-5C145E68DE42}.Debug|Any CPU.Build.0 = Debug|Any CPU
		{4535EE9C-DBC8-49D3-8065-5C145E68DE42}.Debug|x64.ActiveCfg = Debug|Any CPU
		{4535EE9C-DBC8-49D3-8065-5C145E68DE42}.Debug|x64.Build.0 = Debug|Any CPU
		{4535EE9C-DBC8-49D3-8065-5C145E68DE42}.Debug|x86.ActiveCfg = Debug|Any CPU
		{4535EE9C-DBC8-49D3-8065-5C145E68DE42}.Debug|x86.Build.0 = Debug|Any CPU
		{4535EE9C-DBC8-49D3-8065-5C145E68DE42}.Release|Any CPU.ActiveCfg = Release|Any CPU
		{4535EE9C-DBC8-49D3-8065-5C145E68DE42}.Release|Any CPU.Build.0 = Release|Any CPU
		{4535EE9C-DBC8-49D3-8065-5C145E68DE42}.Release|x64.ActiveCfg = Release|Any CPU
		{4535EE9C-DBC8-49D3-8065-5C145E68DE42}.Release|x64.Build.0 = Release|Any CPU
		{4535EE9C-DBC8-49D3-8065-5C145E68DE42}.Release|x86.ActiveCfg = Release|Any CPU
		{4535EE9C-DBC8-49D3-8065-5C145E68DE42}.Release|x86.Build.0 = Release|Any CPU
		{3ECB89E4-D108-ACBA-D460-6797A6802731}.Debug|Any CPU.ActiveCfg = Debug|Any CPU
		{3ECB89E4-D108-ACBA-D460-6797A6802731}.Debug|Any CPU.Build.0 = Debug|Any CPU
		{3ECB89E4-D108-ACBA-D460-6797A6802731}.Debug|x64.ActiveCfg = Debug|Any CPU
		{3ECB89E4-D108-ACBA-D460-6797A6802731}.Debug|x64.Build.0 = Debug|Any CPU
		{3ECB89E4-D108-ACBA-D460-6797A6802731}.Debug|x86.ActiveCfg = Debug|Any CPU
		{3ECB89E4-D108-ACBA-D460-6797A6802731}.Debug|x86.Build.0 = Debug|Any CPU
		{3ECB89E4-D108-ACBA-D460-6797A6802731}.Release|Any CPU.ActiveCfg = Release|Any CPU
		{3ECB89E4-D108-ACBA-D460-6797A6802731}.Release|Any CPU.Build.0 = Release|Any CPU
		{3ECB89E4-D108-ACBA-D460-6797A6802731}.Release|x64.ActiveCfg = Release|Any CPU
		{3ECB89E4-D108-ACBA-D460-6797A6802731}.Release|x64.Build.0 = Release|Any CPU
		{3ECB89E4-D108-ACBA-D460-6797A6802731}.Release|x86.ActiveCfg = Release|Any CPU
		{3ECB89E4-D108-ACBA-D460-6797A6802731}.Release|x86.Build.0 = Release|Any CPU
		{C894E565-19A5-4E53-81FD-54BEEA639BA7}.Debug|Any CPU.ActiveCfg = Debug|Any CPU
		{C894E565-19A5-4E53-81FD-54BEEA639BA7}.Debug|Any CPU.Build.0 = Debug|Any CPU
		{C894E565-19A5-4E53-81FD-54BEEA639BA7}.Debug|x64.ActiveCfg = Debug|Any CPU
		{C894E565-19A5-4E53-81FD-54BEEA639BA7}.Debug|x64.Build.0 = Debug|Any CPU
		{C894E565-19A5-4E53-81FD-54BEEA639BA7}.Debug|x86.ActiveCfg = Debug|Any CPU
		{C894E565-19A5-4E53-81FD-54BEEA639BA7}.Debug|x86.Build.0 = Debug|Any CPU
		{C894E565-19A5-4E53-81FD-54BEEA639BA7}.Release|Any CPU.ActiveCfg = Release|Any CPU
		{C894E565-19A5-4E53-81FD-54BEEA639BA7}.Release|Any CPU.Build.0 = Release|Any CPU
		{C894E565-19A5-4E53-81FD-54BEEA639BA7}.Release|x64.ActiveCfg = Release|Any CPU
		{C894E565-19A5-4E53-81FD-54BEEA639BA7}.Release|x64.Build.0 = Release|Any CPU
		{C894E565-19A5-4E53-81FD-54BEEA639BA7}.Release|x86.ActiveCfg = Release|Any CPU
		{C894E565-19A5-4E53-81FD-54BEEA639BA7}.Release|x86.Build.0 = Release|Any CPU
		{CF5523CD-7789-4D25-AD9D-D4129F27D1BA}.Debug|Any CPU.ActiveCfg = Debug|Any CPU
		{CF5523CD-7789-4D25-AD9D-D4129F27D1BA}.Debug|Any CPU.Build.0 = Debug|Any CPU
		{CF5523CD-7789-4D25-AD9D-D4129F27D1BA}.Debug|x64.ActiveCfg = Debug|Any CPU
		{CF5523CD-7789-4D25-AD9D-D4129F27D1BA}.Debug|x64.Build.0 = Debug|Any CPU
		{CF5523CD-7789-4D25-AD9D-D4129F27D1BA}.Debug|x86.ActiveCfg = Debug|Any CPU
		{CF5523CD-7789-4D25-AD9D-D4129F27D1BA}.Debug|x86.Build.0 = Debug|Any CPU
		{CF5523CD-7789-4D25-AD9D-D4129F27D1BA}.Release|Any CPU.ActiveCfg = Release|Any CPU
		{CF5523CD-7789-4D25-AD9D-D4129F27D1BA}.Release|Any CPU.Build.0 = Release|Any CPU
		{CF5523CD-7789-4D25-AD9D-D4129F27D1BA}.Release|x64.ActiveCfg = Release|Any CPU
		{CF5523CD-7789-4D25-AD9D-D4129F27D1BA}.Release|x64.Build.0 = Release|Any CPU
		{CF5523CD-7789-4D25-AD9D-D4129F27D1BA}.Release|x86.ActiveCfg = Release|Any CPU
		{CF5523CD-7789-4D25-AD9D-D4129F27D1BA}.Release|x86.Build.0 = Release|Any CPU
		{D5F59B56-C00C-4FED-A30D-CA5309CB513C}.Debug|Any CPU.ActiveCfg = Debug|Any CPU
		{D5F59B56-C00C-4FED-A30D-CA5309CB513C}.Debug|Any CPU.Build.0 = Debug|Any CPU
		{D5F59B56-C00C-4FED-A30D-CA5309CB513C}.Debug|x64.ActiveCfg = Debug|Any CPU
		{D5F59B56-C00C-4FED-A30D-CA5309CB513C}.Debug|x64.Build.0 = Debug|Any CPU
		{D5F59B56-C00C-4FED-A30D-CA5309CB513C}.Debug|x86.ActiveCfg = Debug|Any CPU
		{D5F59B56-C00C-4FED-A30D-CA5309CB513C}.Debug|x86.Build.0 = Debug|Any CPU
		{D5F59B56-C00C-4FED-A30D-CA5309CB513C}.Release|Any CPU.ActiveCfg = Release|Any CPU
		{D5F59B56-C00C-4FED-A30D-CA5309CB513C}.Release|Any CPU.Build.0 = Release|Any CPU
		{D5F59B56-C00C-4FED-A30D-CA5309CB513C}.Release|x64.ActiveCfg = Release|Any CPU
		{D5F59B56-C00C-4FED-A30D-CA5309CB513C}.Release|x64.Build.0 = Release|Any CPU
		{D5F59B56-C00C-4FED-A30D-CA5309CB513C}.Release|x86.ActiveCfg = Release|Any CPU
		{D5F59B56-C00C-4FED-A30D-CA5309CB513C}.Release|x86.Build.0 = Release|Any CPU
	EndGlobalSection
	GlobalSection(SolutionProperties) = preSolution
		HideSolutionNode = FALSE
	EndGlobalSection
	GlobalSection(NestedProjects) = preSolution
		{AAA02C8E-D038-4178-AF1C-C78AC11ABD5F} = {827E0CD3-B72D-47B6-A68D-7590B98EB39B}
		{4FD4C81C-A74D-43FA-9808-4FC7787828D5} = {827E0CD3-B72D-47B6-A68D-7590B98EB39B}
		{273BCF70-27DF-4C7A-B72A-D6DF41911AD5} = {827E0CD3-B72D-47B6-A68D-7590B98EB39B}
		{9D7AACBF-8105-401C-93D2-6080BF3C3C18} = {827E0CD3-B72D-47B6-A68D-7590B98EB39B}
		{2AAA56D1-2482-4061-8395-A07214523E25} = {0AB3BF05-4346-4AA6-1389-037BE0695223}
		{7AC8A499-5F5D-43FB-8AAE-751268FD5E16} = {0AB3BF05-4346-4AA6-1389-037BE0695223}
		{4317F65B-396D-4F4D-A763-E3EDF30B0C21} = {0AB3BF05-4346-4AA6-1389-037BE0695223}
		{D8EE47EF-218A-4902-88A2-00926730397D} = {0AB3BF05-4346-4AA6-1389-037BE0695223}
		{EDF4078D-CF36-DA19-A08C-25283F3DCE5C} = {827E0CD3-B72D-47B6-A68D-7590B98EB39B}
		{1C692E4C-0A92-7A7B-4987-6A78FF64A7E1} = {827E0CD3-B72D-47B6-A68D-7590B98EB39B}
		{4535EE9C-DBC8-49D3-8065-5C145E68DE42} = {0AB3BF05-4346-4AA6-1389-037BE0695223}
		{3ECB89E4-D108-ACBA-D460-6797A6802731} = {0AB3BF05-4346-4AA6-1389-037BE0695223}
		{C894E565-19A5-4E53-81FD-54BEEA639BA7} = {827E0CD3-B72D-47B6-A68D-7590B98EB39B}
		{CF5523CD-7789-4D25-AD9D-D4129F27D1BA} = {827E0CD3-B72D-47B6-A68D-7590B98EB39B}
		{D5F59B56-C00C-4FED-A30D-CA5309CB513C} = {827E0CD3-B72D-47B6-A68D-7590B98EB39B}
	EndGlobalSection
	GlobalSection(ExtensibilityGlobals) = postSolution
		SolutionGuid = {16689FE8-F84F-4006-8492-2F931E8591CD}
	EndGlobalSection
EndGlobal
